lockfileVersion: '9.0'

settings:
  autoInstallPeers: true
  excludeLinksFromLockfile: false

importers:

  .:
    devDependencies:
      '@types/greasemonkey':
        specifier: ^4.0.7
        version: 4.0.7
      better-typescript-lib:
        specifier: ^2.10.0
        version: 2.10.0(typescript@5.7.2)
      typescript:
        specifier: ^5.7.2
        version: 5.7.2

packages:

  '@better-typescript-lib/decorators@2.10.0':
    resolution: {integrity: sha512-b8l2W9ubtpQsKLxRpHOVT2yISoOyrNJQk/wFRJAeAfknjowl7os7hql4UcwSvAx7xXF2YbJpEwBGqaxMPLQ85g==}
    peerDependencies:
      typescript: '>=4.5.2'

  '@better-typescript-lib/dom@2.10.0':
    resolution: {integrity: sha512-0h4IuFOVmAEgGyG1thCptGyozProuQPFd+K7ldKSBPr2K6lsDnbbUNev8IMmUGCiGa5ylsKXiFWLA19T3bPV6w==}
    peerDependencies:
      typescript: '>=4.5.2'

  '@better-typescript-lib/es2015@2.10.0':
    resolution: {integrity: sha512-IfdGK/mVBwbeaiZL7MiS6GaZNAy15Hk4kZ8WPD3CHGGWhmR3CqpKMsZZ5KFzi9vq9aHVpeVXpkYH0B/zh+9oeg==}
    peerDependencies:
      typescript: '>=4.5.2'

  '@better-typescript-lib/es2016@2.10.0':
    resolution: {integrity: sha512-PDfqN2tCLUYIeAQSVXELMBuzoeRGHuqYbPvILkbaXF6UitO8BE7g5vvrcUoXePfnMeowG8nhjwjtJ/8VIZGuUA==}
    peerDependencies:
      typescript: '>=4.5.2'

  '@better-typescript-lib/es2017@2.10.0':
    resolution: {integrity: sha512-iOIXEj3ZrMFknfYZnHxDta9InS7WClYn193mJOnEdoxAzvojsqJ7MSlVkPem6YaTURgbjdZBW/bGj7fOQZ0S9A==}
    peerDependencies:
      typescript: '>=4.5.2'

  '@better-typescript-lib/es2018@2.10.0':
    resolution: {integrity: sha512-LGpdHX5ymEhRdtgW816OW4L0MG8os8zJZxLzMhyGEUl4iUOen9GGE+55eMRGXmc5pGMop3T7jzAlvjudrT9cUQ==}
    peerDependencies:
      typescript: '>=4.5.2'

  '@better-typescript-lib/es2019@2.10.0':
    resolution: {integrity: sha512-1LeECJX9Buv2JIM7OKGHhBGnDNbwcyViy1CJXsRyV0CC/GZCQK98v0GISto4W3QTZnK1wrdx3J6JTijxyR1vfw==}
    peerDependencies:
      typescript: '>=4.5.2'

  '@better-typescript-lib/es2020@2.10.0':
    resolution: {integrity: sha512-43ljO93zZh/qYU9SlqO3nBawtZT9v+/uAfAwHsI5VaMq4ulKhtqq3kWrDM1nUvhPiQtgiTyWrQ3B8c10Hlerag==}
    peerDependencies:
      typescript: '>=4.5.2'

  '@better-typescript-lib/es2021@2.10.0':
    resolution: {integrity: sha512-olTKpT9cFXywIK71xyfqhWcSu2li2n7jKlF6snWBrPu46x0GluhxzKMCG7hFKb/DeYrYpQc4he9/KZ+ZKJtrAQ==}
    peerDependencies:
      typescript: '>=4.5.2'

  '@better-typescript-lib/es2022@2.10.0':
    resolution: {integrity: sha512-LW9fe94THNnEHML9g/tgumUaqfYaBKH2Rq8KkpSlkpEZyQIfCpFq27OagZZpJ2I5JSxrOjvrPs0Z0Yo941pHGQ==}
    peerDependencies:
      typescript: '>=4.5.2'

  '@better-typescript-lib/es2023@2.10.0':
    resolution: {integrity: sha512-jk18W6Y31tLfdCr13k/1WrfhhidJYAl02jT43buVJKkDd5zNjOy1TN43JYaMA9d/e0asscm6DLVNdpyPcKO5zA==}
    peerDependencies:
      typescript: '>=4.5.2'

  '@better-typescript-lib/es2024@2.10.0':
    resolution: {integrity: sha512-vorWk7njdt0z28jBjsT0tWQPvnW/mbqsSFa5ZMkIf5ZEYTmPwZPaA7kqU0oIOZ2sazO3tjFitjg34dC4MAsRyQ==}
    peerDependencies:
      typescript: '>=4.5.2'

  '@better-typescript-lib/es5@2.10.0':
    resolution: {integrity: sha512-/VxVSom29tFdSyd/vVyDOHul1WOcRDN7PpWyZYTYeGS3acZyKsjPGEAWUUH30ykU782U0BC2ABAHn7MH7kz7Aw==}
    peerDependencies:
      typescript: '>=4.5.2'

  '@better-typescript-lib/es6@2.10.0':
    resolution: {integrity: sha512-GK9C5S38ADAowEb0oe7563G7R/a34zOwJ9sJmsVBz3x3Z6x2Ydqslu65eu0j4e4EspsEM7oDVi3YGBHrrSaDyw==}
    peerDependencies:
      typescript: '>=4.5.2'

  '@better-typescript-lib/esnext@2.10.0':
    resolution: {integrity: sha512-cdjsZW4qiumcGhCT+tsJWRyOYchUsgheU2KSXOVHoeMIxVRJZMlbHOamgZ2zIWNHqzTvJt2TyBpVUC1wGg7WVA==}
    peerDependencies:
      typescript: '>=4.5.2'

  '@better-typescript-lib/scripthost@2.10.0':
    resolution: {integrity: sha512-vtcfAd3FVJ3Al9cCMQJbzE9xtoQeHhJrv6a327lyUEcTLl80sjkpfqzOhZh2cxge4q9iMRRXx9HijCY1ALGODw==}
    peerDependencies:
      typescript: '>=4.5.2'

  '@better-typescript-lib/webworker@2.10.0':
    resolution: {integrity: sha512-YC2LdrTzL6r6Aw0NvfFMAEnCe3oMSqoDm1IS/5wSvbVeYPwHf/RsaRdE77mN8zbwDl82SMbwKE+7zTiGCjB0uQ==}
    peerDependencies:
      typescript: '>=4.5.2'

  '@types/greasemonkey@4.0.7':
    resolution: {integrity: sha512-DuYBRf/T4zixO/xhQ3eicZCBjjOgbSSXuHP5XkLNf/UBayrJpBniP9il/AQaPy0lffl4Bco48zgHL+pZmQ6Q0A==}

  better-typescript-lib@2.10.0:
    resolution: {integrity: sha512-ZimEfuBVHq7r+k1dJ/qBh69VKbFgyzc1dY1DDOHtOrtCyn8Yaa6GWedScTjQPqBQieDiCPpoPi+AxJWYDA8UDA==}
    peerDependencies:
      typescript: '>=4.5.2'

  typescript@5.7.2:
    resolution: {integrity: sha512-i5t66RHxDvVN40HfDd1PsEThGNnlMCMT3jMUuoh9/0TaqWevNontacunWyN02LA9/fIbEWlcHZcgTKb9QoaLfg==}
    engines: {node: '>=14.17'}
    hasBin: true

snapshots:

  '@better-typescript-lib/decorators@2.10.0(typescript@5.7.2)':
    dependencies:
      typescript: 5.7.2

  '@better-typescript-lib/dom@2.10.0(typescript@5.7.2)':
    dependencies:
      typescript: 5.7.2

  '@better-typescript-lib/es2015@2.10.0(typescript@5.7.2)':
    dependencies:
      typescript: 5.7.2

  '@better-typescript-lib/es2016@2.10.0(typescript@5.7.2)':
    dependencies:
      typescript: 5.7.2

  '@better-typescript-lib/es2017@2.10.0(typescript@5.7.2)':
    dependencies:
      typescript: 5.7.2

  '@better-typescript-lib/es2018@2.10.0(typescript@5.7.2)':
    dependencies:
      typescript: 5.7.2

  '@better-typescript-lib/es2019@2.10.0(typescript@5.7.2)':
    dependencies:
      typescript: 5.7.2

  '@better-typescript-lib/es2020@2.10.0(typescript@5.7.2)':
    dependencies:
      typescript: 5.7.2

  '@better-typescript-lib/es2021@2.10.0(typescript@5.7.2)':
    dependencies:
      typescript: 5.7.2

  '@better-typescript-lib/es2022@2.10.0(typescript@5.7.2)':
    dependencies:
      typescript: 5.7.2

  '@better-typescript-lib/es2023@2.10.0(typescript@5.7.2)':
    dependencies:
      typescript: 5.7.2

  '@better-typescript-lib/es2024@2.10.0(typescript@5.7.2)':
    dependencies:
      typescript: 5.7.2

  '@better-typescript-lib/es5@2.10.0(typescript@5.7.2)':
    dependencies:
      typescript: 5.7.2

  '@better-typescript-lib/es6@2.10.0(typescript@5.7.2)':
    dependencies:
      typescript: 5.7.2

  '@better-typescript-lib/esnext@2.10.0(typescript@5.7.2)':
    dependencies:
      typescript: 5.7.2

  '@better-typescript-lib/scripthost@2.10.0(typescript@5.7.2)':
    dependencies:
      typescript: 5.7.2

  '@better-typescript-lib/webworker@2.10.0(typescript@5.7.2)':
    dependencies:
      typescript: 5.7.2

  '@types/greasemonkey@4.0.7': {}

  better-typescript-lib@2.10.0(typescript@5.7.2):
    dependencies:
      '@typescript/lib-decorators': '@better-typescript-lib/decorators@2.10.0(typescript@5.7.2)'
      '@typescript/lib-dom': '@better-typescript-lib/dom@2.10.0(typescript@5.7.2)'
      '@typescript/lib-es2015': '@better-typescript-lib/es2015@2.10.0(typescript@5.7.2)'
      '@typescript/lib-es2016': '@better-typescript-lib/es2016@2.10.0(typescript@5.7.2)'
      '@typescript/lib-es2017': '@better-typescript-lib/es2017@2.10.0(typescript@5.7.2)'
      '@typescript/lib-es2018': '@better-typescript-lib/es2018@2.10.0(typescript@5.7.2)'
      '@typescript/lib-es2019': '@better-typescript-lib/es2019@2.10.0(typescript@5.7.2)'
      '@typescript/lib-es2020': '@better-typescript-lib/es2020@2.10.0(typescript@5.7.2)'
      '@typescript/lib-es2021': '@better-typescript-lib/es2021@2.10.0(typescript@5.7.2)'
      '@typescript/lib-es2022': '@better-typescript-lib/es2022@2.10.0(typescript@5.7.2)'
      '@typescript/lib-es2023': '@better-typescript-lib/es2023@2.10.0(typescript@5.7.2)'
      '@typescript/lib-es2024': '@better-typescript-lib/es2024@2.10.0(typescript@5.7.2)'
      '@typescript/lib-es5': '@better-typescript-lib/es5@2.10.0(typescript@5.7.2)'
      '@typescript/lib-es6': '@better-typescript-lib/es6@2.10.0(typescript@5.7.2)'
      '@typescript/lib-esnext': '@better-typescript-lib/esnext@2.10.0(typescript@5.7.2)'
      '@typescript/lib-scripthost': '@better-typescript-lib/scripthost@2.10.0(typescript@5.7.2)'
      '@typescript/lib-webworker': '@better-typescript-lib/webworker@2.10.0(typescript@5.7.2)'
      typescript: 5.7.2

  typescript@5.7.2: {}
